
Microsoft Visual Studio Solution File, Format Version 12.00
# Visual Studio 14
VisualStudioVersion = 14.0.25420.1
MinimumVisualStudioVersion = 10.0.40219.1
Project("{FAE04EC0-301F-11D3-BF4B-00C04F79EFBC}") = "Rapap", "Rapap\Rapap.csproj", "{F515C41E-F99E-48D8-B76B-162E130B24EA}"
EndProject
Project("{FAE04EC0-301F-11D3-BF4B-00C04F79EFBC}") = "DataAccess", "DataAccess\DataAccess.csproj", "{9552626C-ACF8-4372-8948-E20A659409AF}"
EndProject
Global
	GlobalSection(SolutionConfigurationPlatforms) = preSolution
		Debug|Any CPU = Debug|Any CPU
		Release|Any CPU = Release|Any CPU
	EndGlobalSection
	GlobalSection(ProjectConfigurationPlatforms) = postSolution
		{F515C41E-F99E-48D8-B76B-162E130B24EA}.Debug|Any CPU.ActiveCfg = Debug|Any CPU
		{F515C41E-F99E-48D8-B76B-162E130B24EA}.Debug|Any CPU.Build.0 = Debug|Any CPU
		{F515C41E-F99E-48D8-B76B-162E130B24EA}.Release|Any CPU.ActiveCfg = Release|Any CPU
		{F515C41E-F99E-48D8-B76B-162E130B24EA}.Release|Any CPU.Build.0 = Release|Any CPU
		{9552626C-ACF8-4372-8948-E20A659409AF}.Debug|Any CPU.ActiveCfg = Debug|Any CPU
		{9552626C-ACF8-4372-8948-E20A659409AF}.Debug|Any CPU.Build.0 = Debug|Any CPU
		{9552626C-ACF8-4372-8948-E20A659409AF}.Release|Any CPU.ActiveCfg = Release|Any CPU
		{9552626C-ACF8-4372-8948-E20A659409AF}.Release|Any CPU.Build.0 = Release|Any CPU
	EndGlobalSection
	GlobalSection(SolutionProperties) = preSolution
		HideSolutionNode = FALSE
	EndGlobalSection
EndGlobal
